Microsoft Visual Studio Solution File, Format Version 11.00
# Visual Studio 2010
Project("{2150E333-8FDC-42A3-9474-1A3956D46DE8}") = "(icu)", ".", "{2DE59335-96CE-10CA-CDE5-FEC35E3549BB}"
EndProject
Project("{2150E333-8FDC-42A3-9474-1A3956D46DE8}") = "(native_client)", "..\..\native_client", "{829C43DA-1372-614D-F044-340432AECC41}"
EndProject
Project("{2150E333-8FDC-42A3-9474-1A3956D46DE8}") = "(third_party)", "..", "{89C816A7-DD31-D54C-C69C-5A80E0C49B77}"
EndProject
Project("{8BC9CEB8-8B4A-11D0-8D11-00A0C91BC942}") = "crt_fini_32", "..\..\native_client\crt_fini_32.vcxproj", "{C6F71DCF-488D-6522-228F-A186B96F5CD2}"
	ProjectSection(ProjectDependencies) = postProject
		{1B712831-C43B-B1BD-55BB-128C9CB2B0B6} = {1B712831-C43B-B1BD-55BB-128C9CB2B0B6}
		{A925A152-CBF8-AA2E-CDC6-B2F7C580FFD8} = {A925A152-CBF8-AA2E-CDC6-B2F7C580FFD8}
	EndProjectSection
EndProject
Project("{8BC9CEB8-8B4A-11D0-8D11-00A0C91BC942}") = "crt_fini_64", "..\..\native_client\crt_fini_64.vcxproj", "{615F0230-9090-6D8C-352E-AC68D52B482E}"
	ProjectSection(ProjectDependencies) = postProject
		{1B712831-C43B-B1BD-55BB-128C9CB2B0B6} = {1B712831-C43B-B1BD-55BB-128C9CB2B0B6}
		{A925A152-CBF8-AA2E-CDC6-B2F7C580FFD8} = {A925A152-CBF8-AA2E-CDC6-B2F7C580FFD8}
	EndProjectSection
EndProject
Project("{8BC9CEB8-8B4A-11D0-8D11-00A0C91BC942}") = "crt_init_32", "..\..\native_client\crt_init_32.vcxproj", "{772FEDCE-DA05-D14D-6BFE-F1900C18FDAD}"
	ProjectSection(ProjectDependencies) = postProject
		{1B712831-C43B-B1BD-55BB-128C9CB2B0B6} = {1B712831-C43B-B1BD-55BB-128C9CB2B0B6}
		{A925A152-CBF8-AA2E-CDC6-B2F7C580FFD8} = {A925A152-CBF8-AA2E-CDC6-B2F7C580FFD8}
	EndProjectSection
EndProject
Project("{8BC9CEB8-8B4A-11D0-8D11-00A0C91BC942}") = "crt_init_64", "..\..\native_client\crt_init_64.vcxproj", "{9BBFEEF8-BB99-6409-C295-83548A001E2B}"
	ProjectSection(ProjectDependencies) = postProject
		{1B712831-C43B-B1BD-55BB-128C9CB2B0B6} = {1B712831-C43B-B1BD-55BB-128C9CB2B0B6}
		{A925A152-CBF8-AA2E-CDC6-B2F7C580FFD8} = {A925A152-CBF8-AA2E-CDC6-B2F7C580FFD8}
	EndProjectSection
EndProject
Project("{8BC9CEB8-8B4A-11D0-8D11-00A0C91BC942}") = "icudata_untrusted", "icudata_untrusted.vcxproj", "{A1810B04-8DC7-6AC5-1517-0B9A2A6F93C4}"
	ProjectSection(ProjectDependencies) = postProject
		{EE6D9AEF-61B6-22F5-2812-8F1994D3FAF8} = {EE6D9AEF-61B6-22F5-2812-8F1994D3FAF8}
	EndProjectSection
EndProject
Project("{8BC9CEB8-8B4A-11D0-8D11-00A0C91BC942}") = "icui18n_untrusted", "icui18n_untrusted.vcxproj", "{1DA26BC7-AB94-4590-4FEA-4362D5E2B8ED}"
	ProjectSection(ProjectDependencies) = postProject
		{EE6D9AEF-61B6-22F5-2812-8F1994D3FAF8} = {EE6D9AEF-61B6-22F5-2812-8F1994D3FAF8}
		{0548DDF2-1D1F-8D1D-343D-D8A0F8AAFB3D} = {0548DDF2-1D1F-8D1D-343D-D8A0F8AAFB3D}
	EndProjectSection
EndProject
Project("{8BC9CEB8-8B4A-11D0-8D11-00A0C91BC942}") = "icuuc_untrusted", "icuuc_untrusted.vcxproj", "{0548DDF2-1D1F-8D1D-343D-D8A0F8AAFB3D}"
	ProjectSection(ProjectDependencies) = postProject
		{EE6D9AEF-61B6-22F5-2812-8F1994D3FAF8} = {EE6D9AEF-61B6-22F5-2812-8F1994D3FAF8}
		{A1810B04-8DC7-6AC5-1517-0B9A2A6F93C4} = {A1810B04-8DC7-6AC5-1517-0B9A2A6F93C4}
	EndProjectSection
EndProject
Project("{8BC9CEB8-8B4A-11D0-8D11-00A0C91BC942}") = "prep_nacl_sdk", "..\..\native_client\prep_nacl_sdk.vcxproj", "{A925A152-CBF8-AA2E-CDC6-B2F7C580FFD8}"
	ProjectSection(ProjectDependencies) = postProject
		{1B712831-C43B-B1BD-55BB-128C9CB2B0B6} = {1B712831-C43B-B1BD-55BB-128C9CB2B0B6}
	EndProjectSection
EndProject
Project("{8BC9CEB8-8B4A-11D0-8D11-00A0C91BC942}") = "prep_toolchain", "..\..\native_client\prep_toolchain.vcxproj", "{EE6D9AEF-61B6-22F5-2812-8F1994D3FAF8}"
	ProjectSection(ProjectDependencies) = postProject
		{1B712831-C43B-B1BD-55BB-128C9CB2B0B6} = {1B712831-C43B-B1BD-55BB-128C9CB2B0B6}
		{A925A152-CBF8-AA2E-CDC6-B2F7C580FFD8} = {A925A152-CBF8-AA2E-CDC6-B2F7C580FFD8}
		{772FEDCE-DA05-D14D-6BFE-F1900C18FDAD} = {772FEDCE-DA05-D14D-6BFE-F1900C18FDAD}
		{C6F71DCF-488D-6522-228F-A186B96F5CD2} = {C6F71DCF-488D-6522-228F-A186B96F5CD2}
		{9BBFEEF8-BB99-6409-C295-83548A001E2B} = {9BBFEEF8-BB99-6409-C295-83548A001E2B}
		{615F0230-9090-6D8C-352E-AC68D52B482E} = {615F0230-9090-6D8C-352E-AC68D52B482E}
	EndProjectSection
EndProject
Project("{8BC9CEB8-8B4A-11D0-8D11-00A0C91BC942}") = "untar_toolchains", "..\..\native_client\untar_toolchains.vcxproj", "{1B712831-C43B-B1BD-55BB-128C9CB2B0B6}"
EndProject
Global
	GlobalSection(SolutionConfigurationPlatforms) = preSolution
		Release|x64 = Release|x64
		Debug|Win32 = Debug|Win32
		Debug|x64 = Debug|x64
		Release|Win32 = Release|Win32
	EndGlobalSection
	GlobalSection(ProjectConfigurationPlatforms) = postSolution
		{0548DDF2-1D1F-8D1D-343D-D8A0F8AAFB3D}.Release|x64.ActiveCfg = Release|x64
		{0548DDF2-1D1F-8D1D-343D-D8A0F8AAFB3D}.Release|x64.Build.0 = Release|x64
		{0548DDF2-1D1F-8D1D-343D-D8A0F8AAFB3D}.Debug|Win32.ActiveCfg = Debug|Win32
		{0548DDF2-1D1F-8D1D-343D-D8A0F8AAFB3D}.Debug|Win32.Build.0 = Debug|Win32
		{0548DDF2-1D1F-8D1D-343D-D8A0F8AAFB3D}.Debug|x64.ActiveCfg = Debug|x64
		{0548DDF2-1D1F-8D1D-343D-D8A0F8AAFB3D}.Debug|x64.Build.0 = Debug|x64
		{0548DDF2-1D1F-8D1D-343D-D8A0F8AAFB3D}.Release|Win32.ActiveCfg = Release|Win32
		{0548DDF2-1D1F-8D1D-343D-D8A0F8AAFB3D}.Release|Win32.Build.0 = Release|Win32
		{1B712831-C43B-B1BD-55BB-128C9CB2B0B6}.Release|x64.ActiveCfg = Release|x64
		{1B712831-C43B-B1BD-55BB-128C9CB2B0B6}.Release|x64.Build.0 = Release|x64
		{1B712831-C43B-B1BD-55BB-128C9CB2B0B6}.Debug|Win32.ActiveCfg = Debug|Win32
		{1B712831-C43B-B1BD-55BB-128C9CB2B0B6}.Debug|Win32.Build.0 = Debug|Win32
		{1B712831-C43B-B1BD-55BB-128C9CB2B0B6}.Debug|x64.ActiveCfg = Debug|x64
		{1B712831-C43B-B1BD-55BB-128C9CB2B0B6}.Debug|x64.Build.0 = Debug|x64
		{1B712831-C43B-B1BD-55BB-128C9CB2B0B6}.Release|Win32.ActiveCfg = Release|Win32
		{1B712831-C43B-B1BD-55BB-128C9CB2B0B6}.Release|Win32.Build.0 = Release|Win32
		{1DA26BC7-AB94-4590-4FEA-4362D5E2B8ED}.Release|x64.ActiveCfg = Release|x64
		{1DA26BC7-AB94-4590-4FEA-4362D5E2B8ED}.Release|x64.Build.0 = Release|x64
		{1DA26BC7-AB94-4590-4FEA-4362D5E2B8ED}.Debug|Win32.ActiveCfg = Debug|Win32
		{1DA26BC7-AB94-4590-4FEA-4362D5E2B8ED}.Debug|Win32.Build.0 = Debug|Win32
		{1DA26BC7-AB94-4590-4FEA-4362D5E2B8ED}.Debug|x64.ActiveCfg = Debug|x64
		{1DA26BC7-AB94-4590-4FEA-4362D5E2B8ED}.Debug|x64.Build.0 = Debug|x64
		{1DA26BC7-AB94-4590-4FEA-4362D5E2B8ED}.Release|Win32.ActiveCfg = Release|Win32
		{1DA26BC7-AB94-4590-4FEA-4362D5E2B8ED}.Release|Win32.Build.0 = Release|Win32
		{615F0230-9090-6D8C-352E-AC68D52B482E}.Release|x64.ActiveCfg = Release|x64
		{615F0230-9090-6D8C-352E-AC68D52B482E}.Release|x64.Build.0 = Release|x64
		{615F0230-9090-6D8C-352E-AC68D52B482E}.Debug|Win32.ActiveCfg = Debug|Win32
		{615F0230-9090-6D8C-352E-AC68D52B482E}.Debug|Win32.Build.0 = Debug|Win32
		{615F0230-9090-6D8C-352E-AC68D52B482E}.Debug|x64.ActiveCfg = Debug|x64
		{615F0230-9090-6D8C-352E-AC68D52B482E}.Debug|x64.Build.0 = Debug|x64
		{615F0230-9090-6D8C-352E-AC68D52B482E}.Release|Win32.ActiveCfg = Release|Win32
		{615F0230-9090-6D8C-352E-AC68D52B482E}.Release|Win32.Build.0 = Release|Win32
		{772FEDCE-DA05-D14D-6BFE-F1900C18FDAD}.Release|x64.ActiveCfg = Release|x64
		{772FEDCE-DA05-D14D-6BFE-F1900C18FDAD}.Release|x64.Build.0 = Release|x64
		{772FEDCE-DA05-D14D-6BFE-F1900C18FDAD}.Debug|Win32.ActiveCfg = Debug|Win32
		{772FEDCE-DA05-D14D-6BFE-F1900C18FDAD}.Debug|Win32.Build.0 = Debug|Win32
		{772FEDCE-DA05-D14D-6BFE-F1900C18FDAD}.Debug|x64.ActiveCfg = Debug|x64
		{772FEDCE-DA05-D14D-6BFE-F1900C18FDAD}.Debug|x64.Build.0 = Debug|x64
		{772FEDCE-DA05-D14D-6BFE-F1900C18FDAD}.Release|Win32.ActiveCfg = Release|Win32
		{772FEDCE-DA05-D14D-6BFE-F1900C18FDAD}.Release|Win32.Build.0 = Release|Win32
		{9BBFEEF8-BB99-6409-C295-83548A001E2B}.Release|x64.ActiveCfg = Release|x64
		{9BBFEEF8-BB99-6409-C295-83548A001E2B}.Release|x64.Build.0 = Release|x64
		{9BBFEEF8-BB99-6409-C295-83548A001E2B}.Debug|Win32.ActiveCfg = Debug|Win32
		{9BBFEEF8-BB99-6409-C295-83548A001E2B}.Debug|Win32.Build.0 = Debug|Win32
		{9BBFEEF8-BB99-6409-C295-83548A001E2B}.Debug|x64.ActiveCfg = Debug|x64
		{9BBFEEF8-BB99-6409-C295-83548A001E2B}.Debug|x64.Build.0 = Debug|x64
		{9BBFEEF8-BB99-6409-C295-83548A001E2B}.Release|Win32.ActiveCfg = Release|Win32
		{9BBFEEF8-BB99-6409-C295-83548A001E2B}.Release|Win32.Build.0 = Release|Win32
		{A1810B04-8DC7-6AC5-1517-0B9A2A6F93C4}.Release|x64.ActiveCfg = Release|x64
		{A1810B04-8DC7-6AC5-1517-0B9A2A6F93C4}.Release|x64.Build.0 = Release|x64
		{A1810B04-8DC7-6AC5-1517-0B9A2A6F93C4}.Debug|Win32.ActiveCfg = Debug|Win32
		{A1810B04-8DC7-6AC5-1517-0B9A2A6F93C4}.Debug|Win32.Build.0 = Debug|Win32
		{A1810B04-8DC7-6AC5-1517-0B9A2A6F93C4}.Debug|x64.ActiveCfg = Debug|x64
		{A1810B04-8DC7-6AC5-1517-0B9A2A6F93C4}.Debug|x64.Build.0 = Debug|x64
		{A1810B04-8DC7-6AC5-1517-0B9A2A6F93C4}.Release|Win32.ActiveCfg = Release|Win32
		{A1810B04-8DC7-6AC5-1517-0B9A2A6F93C4}.Release|Win32.Build.0 = Release|Win32
		{A925A152-CBF8-AA2E-CDC6-B2F7C580FFD8}.Release|x64.ActiveCfg = Release|x64
		{A925A152-CBF8-AA2E-CDC6-B2F7C580FFD8}.Release|x64.Build.0 = Release|x64
		{A925A152-CBF8-AA2E-CDC6-B2F7C580FFD8}.Debug|Win32.ActiveCfg = Debug|Win32
		{A925A152-CBF8-AA2E-CDC6-B2F7C580FFD8}.Debug|Win32.Build.0 = Debug|Win32
		{A925A152-CBF8-AA2E-CDC6-B2F7C580FFD8}.Debug|x64.ActiveCfg = Debug|x64
		{A925A152-CBF8-AA2E-CDC6-B2F7C580FFD8}.Debug|x64.Build.0 = Debug|x64
		{A925A152-CBF8-AA2E-CDC6-B2F7C580FFD8}.Release|Win32.ActiveCfg = Release|Win32
		{A925A152-CBF8-AA2E-CDC6-B2F7C580FFD8}.Release|Win32.Build.0 = Release|Win32
		{C6F71DCF-488D-6522-228F-A186B96F5CD2}.Release|x64.ActiveCfg = Release|x64
		{C6F71DCF-488D-6522-228F-A186B96F5CD2}.Release|x64.Build.0 = Release|x64
		{C6F71DCF-488D-6522-228F-A186B96F5CD2}.Debug|Win32.ActiveCfg = Debug|Win32
		{C6F71DCF-488D-6522-228F-A186B96F5CD2}.Debug|Win32.Build.0 = Debug|Win32
		{C6F71DCF-488D-6522-228F-A186B96F5CD2}.Debug|x64.ActiveCfg = Debug|x64
		{C6F71DCF-488D-6522-228F-A186B96F5CD2}.Debug|x64.Build.0 = Debug|x64
		{C6F71DCF-488D-6522-228F-A186B96F5CD2}.Release|Win32.ActiveCfg = Release|Win32
		{C6F71DCF-488D-6522-228F-A186B96F5CD2}.Release|Win32.Build.0 = Release|Win32
		{EE6D9AEF-61B6-22F5-2812-8F1994D3FAF8}.Release|x64.ActiveCfg = Release|x64
		{EE6D9AEF-61B6-22F5-2812-8F1994D3FAF8}.Release|x64.Build.0 = Release|x64
		{EE6D9AEF-61B6-22F5-2812-8F1994D3FAF8}.Debug|Win32.ActiveCfg = Debug|Win32
		{EE6D9AEF-61B6-22F5-2812-8F1994D3FAF8}.Debug|Win32.Build.0 = Debug|Win32
		{EE6D9AEF-61B6-22F5-2812-8F1994D3FAF8}.Debug|x64.ActiveCfg = Debug|x64
		{EE6D9AEF-61B6-22F5-2812-8F1994D3FAF8}.Debug|x64.Build.0 = Debug|x64
		{EE6D9AEF-61B6-22F5-2812-8F1994D3FAF8}.Release|Win32.ActiveCfg = Release|Win32
		{EE6D9AEF-61B6-22F5-2812-8F1994D3FAF8}.Release|Win32.Build.0 = Release|Win32
	EndGlobalSection
	GlobalSection(SolutionProperties) = preSolution
		HideSolutionNode = FALSE
	EndGlobalSection
	GlobalSection(NestedProjects) = preSolution
		{A1810B04-8DC7-6AC5-1517-0B9A2A6F93C4} = {2DE59335-96CE-10CA-CDE5-FEC35E3549BB}
		{1DA26BC7-AB94-4590-4FEA-4362D5E2B8ED} = {2DE59335-96CE-10CA-CDE5-FEC35E3549BB}
		{0548DDF2-1D1F-8D1D-343D-D8A0F8AAFB3D} = {2DE59335-96CE-10CA-CDE5-FEC35E3549BB}
		{C6F71DCF-488D-6522-228F-A186B96F5CD2} = {829C43DA-1372-614D-F044-340432AECC41}
		{615F0230-9090-6D8C-352E-AC68D52B482E} = {829C43DA-1372-614D-F044-340432AECC41}
		{772FEDCE-DA05-D14D-6BFE-F1900C18FDAD} = {829C43DA-1372-614D-F044-340432AECC41}
		{9BBFEEF8-BB99-6409-C295-83548A001E2B} = {829C43DA-1372-614D-F044-340432AECC41}
		{A925A152-CBF8-AA2E-CDC6-B2F7C580FFD8} = {829C43DA-1372-614D-F044-340432AECC41}
		{EE6D9AEF-61B6-22F5-2812-8F1994D3FAF8} = {829C43DA-1372-614D-F044-340432AECC41}
		{1B712831-C43B-B1BD-55BB-128C9CB2B0B6} = {829C43DA-1372-614D-F044-340432AECC41}
		{2DE59335-96CE-10CA-CDE5-FEC35E3549BB} = {89C816A7-DD31-D54C-C69C-5A80E0C49B77}
	EndGlobalSection
EndGlobal
