Microsoft Visual Studio Solution File, Format Version 11.00
# Visual Studio 2010
Project("{2150E333-8FDC-42A3-9474-1A3956D46DE8}") = "(cctest)", "..\..\build\test\cctest", "{499066B2-37B4-16D2-62E8-8178BBC042B6}"
EndProject
Project("{2150E333-8FDC-42A3-9474-1A3956D46DE8}") = "(gyp)", "..\..\build\tools\gyp", "{0A173FA6-4921-C1C4-C97B-E89CE5CB7004}"
EndProject
Project("{2150E333-8FDC-42A3-9474-1A3956D46DE8}") = "(test)", "..\..\build\test", "{62D1E309-C69B-EEB9-F250-955F10E34BEB}"
EndProject
Project("{2150E333-8FDC-42A3-9474-1A3956D46DE8}") = "(tools)", "..\..\build\tools", "{0078455D-77D3-142E-F1F4-B78FB0A8B454}"
EndProject
Project("{8BC9CEB8-8B4A-11D0-8D11-00A0C91BC942}") = "cctest", "cctest.vcxproj", "{99270FDC-B75E-FE02-23CB-8A9139271D4C}"
	ProjectSection(ProjectDependencies) = postProject
		{9106527D-8AAA-8E27-D57A-4F7321A439F2} = {9106527D-8AAA-8E27-D57A-4F7321A439F2}
		{566F9654-C543-1D96-AC6B-5C891CF2C4EC} = {566F9654-C543-1D96-AC6B-5C891CF2C4EC}
		{930C9448-3433-C75A-D654-99FBA575616C} = {930C9448-3433-C75A-D654-99FBA575616C}
		{6B0F2C96-7B2E-89A9-3044-A09C539FD69D} = {6B0F2C96-7B2E-89A9-3044-A09C539FD69D}
		{D1635B30-7273-752D-B835-FF8190E8DD3A} = {D1635B30-7273-752D-B835-FF8190E8DD3A}
		{8D715B90-D15D-812F-C9B4-E7B60058E437} = {8D715B90-D15D-812F-C9B4-E7B60058E437}
	EndProjectSection
EndProject
Project("{8BC9CEB8-8B4A-11D0-8D11-00A0C91BC942}") = "generate_trig_table", "..\..\tools\gyp\generate_trig_table.vcxproj", "{8D715B90-D15D-812F-C9B4-E7B60058E437}"
EndProject
Project("{8BC9CEB8-8B4A-11D0-8D11-00A0C91BC942}") = "js2c", "..\..\tools\gyp\js2c.vcxproj", "{D1635B30-7273-752D-B835-FF8190E8DD3A}"
EndProject
Project("{8BC9CEB8-8B4A-11D0-8D11-00A0C91BC942}") = "mksnapshot.ia32", "..\..\tools\gyp\mksnapshot.ia32.vcxproj", "{9ECA317F-F767-7D35-D072-B5BDBE95FBFC}"
	ProjectSection(ProjectDependencies) = postProject
		{930C9448-3433-C75A-D654-99FBA575616C} = {930C9448-3433-C75A-D654-99FBA575616C}
		{CA710298-348E-5510-1402-B3C95F060BC6} = {CA710298-348E-5510-1402-B3C95F060BC6}
		{D1635B30-7273-752D-B835-FF8190E8DD3A} = {D1635B30-7273-752D-B835-FF8190E8DD3A}
		{8D715B90-D15D-812F-C9B4-E7B60058E437} = {8D715B90-D15D-812F-C9B4-E7B60058E437}
	EndProjectSection
EndProject
Project("{8BC9CEB8-8B4A-11D0-8D11-00A0C91BC942}") = "resources", "resources.vcxproj", "{9106527D-8AAA-8E27-D57A-4F7321A439F2}"
EndProject
Project("{8BC9CEB8-8B4A-11D0-8D11-00A0C91BC942}") = "v8", "..\..\tools\gyp\v8.vcxproj", "{566F9654-C543-1D96-AC6B-5C891CF2C4EC}"
	ProjectSection(ProjectDependencies) = postProject
		{930C9448-3433-C75A-D654-99FBA575616C} = {930C9448-3433-C75A-D654-99FBA575616C}
		{6B0F2C96-7B2E-89A9-3044-A09C539FD69D} = {6B0F2C96-7B2E-89A9-3044-A09C539FD69D}
	EndProjectSection
EndProject
Project("{8BC9CEB8-8B4A-11D0-8D11-00A0C91BC942}") = "v8_base.ia32", "..\..\tools\gyp\v8_base.ia32.vcxproj", "{930C9448-3433-C75A-D654-99FBA575616C}"
EndProject
Project("{8BC9CEB8-8B4A-11D0-8D11-00A0C91BC942}") = "v8_nosnapshot.ia32", "..\..\tools\gyp\v8_nosnapshot.ia32.vcxproj", "{CA710298-348E-5510-1402-B3C95F060BC6}"
	ProjectSection(ProjectDependencies) = postProject
		{D1635B30-7273-752D-B835-FF8190E8DD3A} = {D1635B30-7273-752D-B835-FF8190E8DD3A}
		{8D715B90-D15D-812F-C9B4-E7B60058E437} = {8D715B90-D15D-812F-C9B4-E7B60058E437}
	EndProjectSection
EndProject
Project("{8BC9CEB8-8B4A-11D0-8D11-00A0C91BC942}") = "v8_snapshot", "..\..\tools\gyp\v8_snapshot.vcxproj", "{6B0F2C96-7B2E-89A9-3044-A09C539FD69D}"
	ProjectSection(ProjectDependencies) = postProject
		{9ECA317F-F767-7D35-D072-B5BDBE95FBFC} = {9ECA317F-F767-7D35-D072-B5BDBE95FBFC}
		{D1635B30-7273-752D-B835-FF8190E8DD3A} = {D1635B30-7273-752D-B835-FF8190E8DD3A}
		{8D715B90-D15D-812F-C9B4-E7B60058E437} = {8D715B90-D15D-812F-C9B4-E7B60058E437}
	EndProjectSection
EndProject
Global
	GlobalSection(SolutionConfigurationPlatforms) = preSolution
		Debug|Win32 = Debug|Win32
		Release|Win32 = Release|Win32
	EndGlobalSection
	GlobalSection(ProjectConfigurationPlatforms) = postSolution
		{566F9654-C543-1D96-AC6B-5C891CF2C4EC}.Debug|Win32.ActiveCfg = Debug|Win32
		{566F9654-C543-1D96-AC6B-5C891CF2C4EC}.Debug|Win32.Build.0 = Debug|Win32
		{566F9654-C543-1D96-AC6B-5C891CF2C4EC}.Release|Win32.ActiveCfg = Release|Win32
		{566F9654-C543-1D96-AC6B-5C891CF2C4EC}.Release|Win32.Build.0 = Release|Win32
		{6B0F2C96-7B2E-89A9-3044-A09C539FD69D}.Debug|Win32.ActiveCfg = Debug|Win32
		{6B0F2C96-7B2E-89A9-3044-A09C539FD69D}.Debug|Win32.Build.0 = Debug|Win32
		{6B0F2C96-7B2E-89A9-3044-A09C539FD69D}.Release|Win32.ActiveCfg = Release|Win32
		{6B0F2C96-7B2E-89A9-3044-A09C539FD69D}.Release|Win32.Build.0 = Release|Win32
		{8D715B90-D15D-812F-C9B4-E7B60058E437}.Debug|Win32.ActiveCfg = Debug|Win32
		{8D715B90-D15D-812F-C9B4-E7B60058E437}.Debug|Win32.Build.0 = Debug|Win32
		{8D715B90-D15D-812F-C9B4-E7B60058E437}.Release|Win32.ActiveCfg = Release|Win32
		{8D715B90-D15D-812F-C9B4-E7B60058E437}.Release|Win32.Build.0 = Release|Win32
		{9106527D-8AAA-8E27-D57A-4F7321A439F2}.Debug|Win32.ActiveCfg = Debug|Win32
		{9106527D-8AAA-8E27-D57A-4F7321A439F2}.Debug|Win32.Build.0 = Debug|Win32
		{9106527D-8AAA-8E27-D57A-4F7321A439F2}.Release|Win32.ActiveCfg = Release|Win32
		{9106527D-8AAA-8E27-D57A-4F7321A439F2}.Release|Win32.Build.0 = Release|Win32
		{930C9448-3433-C75A-D654-99FBA575616C}.Debug|Win32.ActiveCfg = Debug|Win32
		{930C9448-3433-C75A-D654-99FBA575616C}.Debug|Win32.Build.0 = Debug|Win32
		{930C9448-3433-C75A-D654-99FBA575616C}.Release|Win32.ActiveCfg = Release|Win32
		{930C9448-3433-C75A-D654-99FBA575616C}.Release|Win32.Build.0 = Release|Win32
		{99270FDC-B75E-FE02-23CB-8A9139271D4C}.Debug|Win32.ActiveCfg = Debug|Win32
		{99270FDC-B75E-FE02-23CB-8A9139271D4C}.Debug|Win32.Build.0 = Debug|Win32
		{99270FDC-B75E-FE02-23CB-8A9139271D4C}.Release|Win32.ActiveCfg = Release|Win32
		{99270FDC-B75E-FE02-23CB-8A9139271D4C}.Release|Win32.Build.0 = Release|Win32
		{9ECA317F-F767-7D35-D072-B5BDBE95FBFC}.Debug|Win32.ActiveCfg = Debug|Win32
		{9ECA317F-F767-7D35-D072-B5BDBE95FBFC}.Debug|Win32.Build.0 = Debug|Win32
		{9ECA317F-F767-7D35-D072-B5BDBE95FBFC}.Release|Win32.ActiveCfg = Release|Win32
		{9ECA317F-F767-7D35-D072-B5BDBE95FBFC}.Release|Win32.Build.0 = Release|Win32
		{CA710298-348E-5510-1402-B3C95F060BC6}.Debug|Win32.ActiveCfg = Debug|Win32
		{CA710298-348E-5510-1402-B3C95F060BC6}.Debug|Win32.Build.0 = Debug|Win32
		{CA710298-348E-5510-1402-B3C95F060BC6}.Release|Win32.ActiveCfg = Release|Win32
		{CA710298-348E-5510-1402-B3C95F060BC6}.Release|Win32.Build.0 = Release|Win32
		{D1635B30-7273-752D-B835-FF8190E8DD3A}.Debug|Win32.ActiveCfg = Debug|Win32
		{D1635B30-7273-752D-B835-FF8190E8DD3A}.Debug|Win32.Build.0 = Debug|Win32
		{D1635B30-7273-752D-B835-FF8190E8DD3A}.Release|Win32.ActiveCfg = Release|Win32
		{D1635B30-7273-752D-B835-FF8190E8DD3A}.Release|Win32.Build.0 = Release|Win32
	EndGlobalSection
	GlobalSection(SolutionProperties) = preSolution
		HideSolutionNode = FALSE
	EndGlobalSection
	GlobalSection(NestedProjects) = preSolution
		{99270FDC-B75E-FE02-23CB-8A9139271D4C} = {499066B2-37B4-16D2-62E8-8178BBC042B6}
		{9106527D-8AAA-8E27-D57A-4F7321A439F2} = {499066B2-37B4-16D2-62E8-8178BBC042B6}
		{8D715B90-D15D-812F-C9B4-E7B60058E437} = {0A173FA6-4921-C1C4-C97B-E89CE5CB7004}
		{D1635B30-7273-752D-B835-FF8190E8DD3A} = {0A173FA6-4921-C1C4-C97B-E89CE5CB7004}
		{9ECA317F-F767-7D35-D072-B5BDBE95FBFC} = {0A173FA6-4921-C1C4-C97B-E89CE5CB7004}
		{566F9654-C543-1D96-AC6B-5C891CF2C4EC} = {0A173FA6-4921-C1C4-C97B-E89CE5CB7004}
		{930C9448-3433-C75A-D654-99FBA575616C} = {0A173FA6-4921-C1C4-C97B-E89CE5CB7004}
		{CA710298-348E-5510-1402-B3C95F060BC6} = {0A173FA6-4921-C1C4-C97B-E89CE5CB7004}
		{6B0F2C96-7B2E-89A9-3044-A09C539FD69D} = {0A173FA6-4921-C1C4-C97B-E89CE5CB7004}
		{499066B2-37B4-16D2-62E8-8178BBC042B6} = {62D1E309-C69B-EEB9-F250-955F10E34BEB}
		{0A173FA6-4921-C1C4-C97B-E89CE5CB7004} = {0078455D-77D3-142E-F1F4-B78FB0A8B454}
	EndGlobalSection
EndGlobal
